// !$*UTF8*$!
{
	archiveVersion = 1;
	classes = {
	};
	objectVersion = 51;
	objects = {

/* Begin PBXBuildFile section */
		26659938222873FB005A364C /* AppDelegate.swift in Sources */ = {isa = PBXBuildFile; fileRef = 26659937222873FB005A364C /* AppDelegate.swift */; };
		2665993D222873FB005A364C /* Main.storyboard in Resources */ = {isa = PBXBuildFile; fileRef = 2665993B222873FB005A364C /* Main.storyboard */; };
		26659942222873FD005A364C /* LaunchScreen.storyboard in Resources */ = {isa = PBXBuildFile; fileRef = 26659940222873FD005A364C /* LaunchScreen.storyboard */; };
		2665994A222874AB005A364C /* LoginViewController.swift in Sources */ = {isa = PBXBuildFile; fileRef = 26659949222874AB005A364C /* LoginViewController.swift */; };
		2667B5382232D7DB0024D8F3 /* MyFriendsController.swift in Sources */ = {isa = PBXBuildFile; fileRef = 2667B5372232D7DB0024D8F3 /* MyFriendsController.swift */; };
		2667B53A2232E4840024D8F3 /* Models.swift in Sources */ = {isa = PBXBuildFile; fileRef = 2667B5392232E4840024D8F3 /* Models.swift */; };
		2667B53C2232E5D60024D8F3 /* MyFriendsCell.swift in Sources */ = {isa = PBXBuildFile; fileRef = 2667B53B2232E5D60024D8F3 /* MyFriendsCell.swift */; };
		2667B53F2232F7500024D8F3 /* FriendInfoController.swift in Sources */ = {isa = PBXBuildFile; fileRef = 2667B53E2232F7500024D8F3 /* FriendInfoController.swift */; };
		2667B5412232F7DD0024D8F3 /* FriendInfoCell.swift in Sources */ = {isa = PBXBuildFile; fileRef = 2667B5402232F7DD0024D8F3 /* FriendInfoCell.swift */; };
		2667B5442232FE8E0024D8F3 /* MyGroupsController.swift in Sources */ = {isa = PBXBuildFile; fileRef = 2667B5432232FE8E0024D8F3 /* MyGroupsController.swift */; };
		2667B547223300B60024D8F3 /* AllGroupsController.swift in Sources */ = {isa = PBXBuildFile; fileRef = 2667B546223300B60024D8F3 /* AllGroupsController.swift */; };
		2667B549223300E60024D8F3 /* AllGroupsCell.swift in Sources */ = {isa = PBXBuildFile; fileRef = 2667B548223300E60024D8F3 /* AllGroupsCell.swift */; };
		2667B54B223308090024D8F3 /* MyGroupsCell.swift in Sources */ = {isa = PBXBuildFile; fileRef = 2667B54A223308090024D8F3 /* MyGroupsCell.swift */; };
		26694CE8223E7F7000EDD7D9 /* NewsController.swift in Sources */ = {isa = PBXBuildFile; fileRef = 26694CE7223E7F7000EDD7D9 /* NewsController.swift */; };
		26694CEB223E809800EDD7D9 /* NewsViewCell.swift in Sources */ = {isa = PBXBuildFile; fileRef = 26694CE9223E809800EDD7D9 /* NewsViewCell.swift */; };
		26694CEC223E809800EDD7D9 /* NewsViewCell.xib in Resources */ = {isa = PBXBuildFile; fileRef = 26694CEA223E809800EDD7D9 /* NewsViewCell.xib */; };
		26694CEE223EEE5E00EDD7D9 /* newsTexts.swift in Sources */ = {isa = PBXBuildFile; fileRef = 26694CED223EEE5E00EDD7D9 /* newsTexts.swift */; };
		26694CF022437ED700EDD7D9 /* ActivityIndicator.swift in Sources */ = {isa = PBXBuildFile; fileRef = 26694CEF22437ED700EDD7D9 /* ActivityIndicator.swift */; };
		26762DFD2235A7CA0026FFC7 /* AvatarImageView.swift in Sources */ = {isa = PBXBuildFile; fileRef = 26762DFB2235A7CA0026FFC7 /* AvatarImageView.swift */; };
		26762DFE2235A7CA0026FFC7 /* LikeControl.swift in Sources */ = {isa = PBXBuildFile; fileRef = 26762DFC2235A7CA0026FFC7 /* LikeControl.swift */; };
		269E2C142235B0F90009675A /* Assets.xcassets in Resources */ = {isa = PBXBuildFile; fileRef = 269E2C132235B0F90009675A /* Assets.xcassets */; };
		269E2C162236EBAE0009675A /* IndexList.swift in Sources */ = {isa = PBXBuildFile; fileRef = 269E2C152236EBAE0009675A /* IndexList.swift */; };
		26EAFE63224E00CD009410ED /* ShowAllGroupsSegue.swift in Sources */ = {isa = PBXBuildFile; fileRef = 26EAFE62224E00CD009410ED /* ShowAllGroupsSegue.swift */; };
/* End PBXBuildFile section */

/* Begin PBXFileReference section */
		26659934222873FB005A364C /* vk.app */ = {isa = PBXFileReference; explicitFileType = wrapper.application; includeInIndex = 0; path = vk.app; sourceTree = BUILT_PRODUCTS_DIR; };
		26659937222873FB005A364C /* AppDelegate.swift */ = {isa = PBXFileReference; lastKnownFileType = sourcecode.swift; path = AppDelegate.swift; sourceTree = "<group>"; };
		2665993C222873FB005A364C /* Base */ = {isa = PBXFileReference; lastKnownFileType = file.storyboard; name = Base; path = Base.lproj/Main.storyboard; sourceTree = "<group>"; };
		26659941222873FD005A364C /* Base */ = {isa = PBXFileReference; lastKnownFileType = file.storyboard; name = Base; path = Base.lproj/LaunchScreen.storyboard; sourceTree = "<group>"; };
		26659943222873FD005A364C /* Info.plist */ = {isa = PBXFileReference; lastKnownFileType = text.plist.xml; path = Info.plist; sourceTree = "<group>"; };
		26659949222874AB005A364C /* LoginViewController.swift */ = {isa = PBXFileReference; lastKnownFileType = sourcecode.swift; path = LoginViewController.swift; sourceTree = "<group>"; };
		2667B5372232D7DB0024D8F3 /* MyFriendsController.swift */ = {isa = PBXFileReference; lastKnownFileType = sourcecode.swift; path = MyFriendsController.swift; sourceTree = "<group>"; };
		2667B5392232E4840024D8F3 /* Models.swift */ = {isa = PBXFileReference; lastKnownFileType = sourcecode.swift; path = Models.swift; sourceTree = "<group>"; };
		2667B53B2232E5D60024D8F3 /* MyFriendsCell.swift */ = {isa = PBXFileReference; lastKnownFileType = sourcecode.swift; path = MyFriendsCell.swift; sourceTree = "<group>"; };
		2667B53E2232F7500024D8F3 /* FriendInfoController.swift */ = {isa = PBXFileReference; lastKnownFileType = sourcecode.swift; path = FriendInfoController.swift; sourceTree = "<group>"; };
		2667B5402232F7DD0024D8F3 /* FriendInfoCell.swift */ = {isa = PBXFileReference; lastKnownFileType = sourcecode.swift; path = FriendInfoCell.swift; sourceTree = "<group>"; };
		2667B5432232FE8E0024D8F3 /* MyGroupsController.swift */ = {isa = PBXFileReference; lastKnownFileType = sourcecode.swift; path = MyGroupsController.swift; sourceTree = "<group>"; };
		2667B546223300B60024D8F3 /* AllGroupsController.swift */ = {isa = PBXFileReference; lastKnownFileType = sourcecode.swift; path = AllGroupsController.swift; sourceTree = "<group>"; };
		2667B548223300E60024D8F3 /* AllGroupsCell.swift */ = {isa = PBXFileReference; lastKnownFileType = sourcecode.swift; path = AllGroupsCell.swift; sourceTree = "<group>"; };
		2667B54A223308090024D8F3 /* MyGroupsCell.swift */ = {isa = PBXFileReference; lastKnownFileType = sourcecode.swift; path = MyGroupsCell.swift; sourceTree = "<group>"; };
		26694CE7223E7F7000EDD7D9 /* NewsController.swift */ = {isa = PBXFileReference; lastKnownFileType = sourcecode.swift; path = NewsController.swift; sourceTree = "<group>"; };
		26694CE9223E809800EDD7D9 /* NewsViewCell.swift */ = {isa = PBXFileReference; lastKnownFileType = sourcecode.swift; path = NewsViewCell.swift; sourceTree = "<group>"; };
		26694CEA223E809800EDD7D9 /* NewsViewCell.xib */ = {isa = PBXFileReference; lastKnownFileType = file.xib; path = NewsViewCell.xib; sourceTree = "<group>"; };
		26694CED223EEE5E00EDD7D9 /* newsTexts.swift */ = {isa = PBXFileReference; lastKnownFileType = sourcecode.swift; path = newsTexts.swift; sourceTree = "<group>"; };
		26694CEF22437ED700EDD7D9 /* ActivityIndicator.swift */ = {isa = PBXFileReference; lastKnownFileType = sourcecode.swift; path = ActivityIndicator.swift; sourceTree = "<group>"; };
		26762DFB2235A7CA0026FFC7 /* AvatarImageView.swift */ = {isa = PBXFileReference; fileEncoding = 4; lastKnownFileType = sourcecode.swift; path = AvatarImageView.swift; sourceTree = "<group>"; };
		26762DFC2235A7CA0026FFC7 /* LikeControl.swift */ = {isa = PBXFileReference; fileEncoding = 4; lastKnownFileType = sourcecode.swift; path = LikeControl.swift; sourceTree = "<group>"; };
		269E2C132235B0F90009675A /* Assets.xcassets */ = {isa = PBXFileReference; lastKnownFileType = folder.assetcatalog; path = Assets.xcassets; sourceTree = "<group>"; };
		269E2C152236EBAE0009675A /* IndexList.swift */ = {isa = PBXFileReference; lastKnownFileType = sourcecode.swift; path = IndexList.swift; sourceTree = "<group>"; };
		26EAFE62224E00CD009410ED /* ShowAllGroupsSegue.swift */ = {isa = PBXFileReference; lastKnownFileType = sourcecode.swift; path = ShowAllGroupsSegue.swift; sourceTree = "<group>"; };
/* End PBXFileReference section */

/* Begin PBXFrameworksBuildPhase section */
		26659931222873FB005A364C /* Frameworks */ = {
			isa = PBXFrameworksBuildPhase;
			buildActionMask = 2147483647;
			files = (
			);
			runOnlyForDeploymentPostprocessing = 0;
		};
/* End PBXFrameworksBuildPhase section */

/* Begin PBXGroup section */
		2665992B222873FB005A364C = {
			isa = PBXGroup;
			children = (
				26659936222873FB005A364C /* vk */,
				26659935222873FB005A364C /* Products */,
			);
			sourceTree = "<group>";
		};
		26659935222873FB005A364C /* Products */ = {
			isa = PBXGroup;
			children = (
				26659934222873FB005A364C /* vk.app */,
			);
			name = Products;
			sourceTree = "<group>";
		};
		26659936222873FB005A364C /* vk */ = {
			isa = PBXGroup;
			children = (
				26694CE6223E7DD800EDD7D9 /* News */,
				269E2C132235B0F90009675A /* Assets.xcassets */,
				26762DFA2235A7880026FFC7 /* CustomElements */,
				2667B545223300A00024D8F3 /* AllGroups */,
				2667B5422232FE500024D8F3 /* MyGroups */,
				2667B53D2232F72A0024D8F3 /* FriendInfo */,
				2667B5362232D7A60024D8F3 /* MyFriends */,
				26659937222873FB005A364C /* AppDelegate.swift */,
				2665993B222873FB005A364C /* Main.storyboard */,
				26659940222873FD005A364C /* LaunchScreen.storyboard */,
				26659943222873FD005A364C /* Info.plist */,
				26659949222874AB005A364C /* LoginViewController.swift */,
				2667B5392232E4840024D8F3 /* Models.swift */,
			);
			path = vk;
			sourceTree = "<group>";
		};
		2667B5362232D7A60024D8F3 /* MyFriends */ = {
			isa = PBXGroup;
			children = (
				2667B5372232D7DB0024D8F3 /* MyFriendsController.swift */,
				2667B53B2232E5D60024D8F3 /* MyFriendsCell.swift */,
			);
			path = MyFriends;
			sourceTree = "<group>";
		};
		2667B53D2232F72A0024D8F3 /* FriendInfo */ = {
			isa = PBXGroup;
			children = (
				2667B53E2232F7500024D8F3 /* FriendInfoController.swift */,
				2667B5402232F7DD0024D8F3 /* FriendInfoCell.swift */,
			);
			path = FriendInfo;
			sourceTree = "<group>";
		};
		2667B5422232FE500024D8F3 /* MyGroups */ = {
			isa = PBXGroup;
			children = (
				2667B5432232FE8E0024D8F3 /* MyGroupsController.swift */,
				2667B54A223308090024D8F3 /* MyGroupsCell.swift */,
				26EAFE62224E00CD009410ED /* ShowAllGroupsSegue.swift */,
			);
			path = MyGroups;
			sourceTree = "<group>";
		};
		2667B545223300A00024D8F3 /* AllGroups */ = {
			isa = PBXGroup;
			children = (
				2667B546223300B60024D8F3 /* AllGroupsController.swift */,
				2667B548223300E60024D8F3 /* AllGroupsCell.swift */,
			);
			path = AllGroups;
			sourceTree = "<group>";
		};
		26694CE6223E7DD800EDD7D9 /* News */ = {
			isa = PBXGroup;
			children = (
				26694CE7223E7F7000EDD7D9 /* NewsController.swift */,
				26694CE9223E809800EDD7D9 /* NewsViewCell.swift */,
				26694CEA223E809800EDD7D9 /* NewsViewCell.xib */,
				26694CED223EEE5E00EDD7D9 /* newsTexts.swift */,
			);
			path = News;
			sourceTree = "<group>";
		};
		26762DFA2235A7880026FFC7 /* CustomElements */ = {
			isa = PBXGroup;
			children = (
				26762DFB2235A7CA0026FFC7 /* AvatarImageView.swift */,
				26762DFC2235A7CA0026FFC7 /* LikeControl.swift */,
				269E2C152236EBAE0009675A /* IndexList.swift */,
				26694CEF22437ED700EDD7D9 /* ActivityIndicator.swift */,
			);
			path = CustomElements;
			sourceTree = "<group>";
		};
/* End PBXGroup section */

/* Begin PBXNativeTarget section */
		26659933222873FB005A364C /* vk */ = {
			isa = PBXNativeTarget;
			buildConfigurationList = 26659946222873FD005A364C /* Build configuration list for PBXNativeTarget "vk" */;
			buildPhases = (
				26659930222873FB005A364C /* Sources */,
				26659931222873FB005A364C /* Frameworks */,
				26659932222873FB005A364C /* Resources */,
			);
			buildRules = (
			);
			dependencies = (
			);
			name = vk;
			productName = vk;
			productReference = 26659934222873FB005A364C /* vk.app */;
			productType = "com.apple.product-type.application";
		};
/* End PBXNativeTarget section */

/* Begin PBXProject section */
		2665992C222873FB005A364C /* Project object */ = {
			isa = PBXProject;
			attributes = {
				LastSwiftUpdateCheck = 1010;
				LastUpgradeCheck = 1010;
				ORGANIZATIONNAME = "Andrey Oleynik";
				TargetAttributes = {
					26659933222873FB005A364C = {
						CreatedOnToolsVersion = 10.1;
					};
				};
			};
			buildConfigurationList = 2665992F222873FB005A364C /* Build configuration list for PBXProject "vk" */;
			compatibilityVersion = "Xcode 10.0";
			developmentRegion = en;
			hasScannedForEncodings = 0;
			knownRegions = (
				en,
				Base,
			);
			mainGroup = 2665992B222873FB005A364C;
			productRefGroup = 26659935222873FB005A364C /* Products */;
			projectDirPath = "";
			projectRoot = "";
			targets = (
				26659933222873FB005A364C /* vk */,
			);
		};
/* End PBXProject section */

/* Begin PBXResourcesBuildPhase section */
		26659932222873FB005A364C /* Resources */ = {
			isa = PBXResourcesBuildPhase;
			buildActionMask = 2147483647;
			files = (
				26659942222873FD005A364C /* LaunchScreen.storyboard in Resources */,
				26694CEC223E809800EDD7D9 /* NewsViewCell.xib in Resources */,
				269E2C142235B0F90009675A /* Assets.xcassets in Resources */,
				2665993D222873FB005A364C /* Main.storyboard in Resources */,
			);
			runOnlyForDeploymentPostprocessing = 0;
		};
/* End PBXResourcesBuildPhase section */

/* Begin PBXSourcesBuildPhase section */
		26659930222873FB005A364C /* Sources */ = {
			isa = PBXSourcesBuildPhase;
			buildActionMask = 2147483647;
			files = (
				2667B53C2232E5D60024D8F3 /* MyFriendsCell.swift in Sources */,
				26EAFE63224E00CD009410ED /* ShowAllGroupsSegue.swift in Sources */,
				2665994A222874AB005A364C /* LoginViewController.swift in Sources */,
				2667B5382232D7DB0024D8F3 /* MyFriendsController.swift in Sources */,
				26694CE8223E7F7000EDD7D9 /* NewsController.swift in Sources */,
				2667B549223300E60024D8F3 /* AllGroupsCell.swift in Sources */,
				26694CEB223E809800EDD7D9 /* NewsViewCell.swift in Sources */,
				269E2C162236EBAE0009675A /* IndexList.swift in Sources */,
				26659938222873FB005A364C /* AppDelegate.swift in Sources */,
				2667B54B223308090024D8F3 /* MyGroupsCell.swift in Sources */,
				2667B53A2232E4840024D8F3 /* Models.swift in Sources */,
				2667B5442232FE8E0024D8F3 /* MyGroupsController.swift in Sources */,
				26694CEE223EEE5E00EDD7D9 /* newsTexts.swift in Sources */,
				2667B547223300B60024D8F3 /* AllGroupsController.swift in Sources */,
				26762DFE2235A7CA0026FFC7 /* LikeControl.swift in Sources */,
				26762DFD2235A7CA0026FFC7 /* AvatarImageView.swift in Sources */,
				2667B53F2232F7500024D8F3 /* FriendInfoController.swift in Sources */,
				26694CF022437ED700EDD7D9 /* ActivityIndicator.swift in Sources */,
				2667B5412232F7DD0024D8F3 /* FriendInfoCell.swift in Sources */,
			);
			runOnlyForDeploymentPostprocessing = 0;
		};
/* End PBXSourcesBuildPhase section */

/* Begin PBXVariantGroup section */
		2665993B222873FB005A364C /* Main.storyboard */ = {
			isa = PBXVariantGroup;
			children = (
				2665993C222873FB005A364C /* Base */,
			);
			name = Main.storyboard;
			sourceTree = "<group>";
		};
		26659940222873FD005A364C /* LaunchScreen.storyboard */ = {
			isa = PBXVariantGroup;
			children = (
				26659941222873FD005A364C /* Base */,
			);
			name = LaunchScreen.storyboard;
			sourceTree = "<group>";
		};
/* End PBXVariantGroup section */

/* Begin XCBuildConfiguration section */
		26659944222873FD005A364C /* Debug */ = {
			isa = XCBuildConfiguration;
			buildSettings = {
				ALWAYS_SEARCH_USER_PATHS = NO;
				CLANG_ANALYZER_NONNULL = YES;
				CLANG_ANALYZER_NUMBER_OBJECT_CONVERSION = YES_AGGRESSIVE;
				CLANG_CXX_LANGUAGE_STANDARD = "gnu++14";
				CLANG_CXX_LIBRARY = "libc++";
				CLANG_ENABLE_MODULES = YES;
				CLANG_ENABLE_OBJC_ARC = YES;
				CLANG_ENABLE_OBJC_WEAK = YES;
				CLANG_WARN_BLOCK_CAPTURE_AUTORELEASING = YES;
				CLANG_WARN_BOOL_CONVERSION = YES;
				CLANG_WARN_COMMA = YES;
				CLANG_WARN_CONSTANT_CONVERSION = YES;
				CLANG_WARN_DEPRECATED_OBJC_IMPLEMENTATIONS = YES;
				CLANG_WARN_DIRECT_OBJC_ISA_USAGE = YES_ERROR;
				CLANG_WARN_DOCUMENTATION_COMMENTS = YES;
				CLANG_WARN_EMPTY_BODY = YES;
				CLANG_WARN_ENUM_CONVERSION = YES;
				CLANG_WARN_INFINITE_RECURSION = YES;
				CLANG_WARN_INT_CONVERSION = YES;
				CLANG_WARN_NON_LITERAL_NULL_CONVERSION = YES;
				CLANG_WARN_OBJC_IMPLICIT_RETAIN_SELF = YES;
				CLANG_WARN_OBJC_LITERAL_CONVERSION = YES;
				CLANG_WARN_OBJC_ROOT_CLASS = YES_ERROR;
				CLANG_WARN_RANGE_LOOP_ANALYSIS = YES;
				CLANG_WARN_STRICT_PROTOTYPES = YES;
				CLANG_WARN_SUSPICIOUS_MOVE = YES;
				CLANG_WARN_UNGUARDED_AVAILABILITY = YES_AGGRESSIVE;
				CLANG_WARN_UNREACHABLE_CODE = YES;
				CLANG_WARN__DUPLICATE_METHOD_MATCH = YES;
				CODE_SIGN_IDENTITY = "iPhone Developer";
				COPY_PHASE_STRIP = NO;
				DEBUG_INFORMATION_FORMAT = dwarf;
				ENABLE_STRICT_OBJC_MSGSEND = YES;
				ENABLE_TESTABILITY = YES;
				GCC_C_LANGUAGE_STANDARD = gnu11;
				GCC_DYNAMIC_NO_PIC = NO;
				GCC_NO_COMMON_BLOCKS = YES;
				GCC_OPTIMIZATION_LEVEL = 0;
				GCC_PREPROCESSOR_DEFINITIONS = (
					"DEBUG=1",
					"$(inherited)",
				);
				GCC_WARN_64_TO_32_BIT_CONVERSION = YES;
				GCC_WARN_ABOUT_RETURN_TYPE = YES_ERROR;
				GCC_WARN_UNDECLARED_SELECTOR = YES;
				GCC_WARN_UNINITIALIZED_AUTOS = YES_AGGRESSIVE;
				GCC_WARN_UNUSED_FUNCTION = YES;
				GCC_WARN_UNUSED_VARIABLE = YES;
				IPHONEOS_DEPLOYMENT_TARGET = 12.1;
				MTL_ENABLE_DEBUG_INFO = INCLUDE_SOURCE;
				MTL_FAST_MATH = YES;
				ONLY_ACTIVE_ARCH = YES;
				SDKROOT = iphoneos;
				SWIFT_ACTIVE_COMPILATION_CONDITIONS = DEBUG;
				SWIFT_OPTIMIZATION_LEVEL = "-Onone";
			};
			name = Debug;
		};
		26659945222873FD005A364C /* Release */ = {
			isa = XCBuildConfiguration;
			buildSettings = {
				ALWAYS_SEARCH_USER_PATHS = NO;
				CLANG_ANALYZER_NONNULL = YES;
				CLANG_ANALYZER_NUMBER_OBJECT_CONVERSION = YES_AGGRESSIVE;
				CLANG_CXX_LANGUAGE_STANDARD = "gnu++14";
				CLANG_CXX_LIBRARY = "libc++";
				CLANG_ENABLE_MODULES = YES;
				CLANG_ENABLE_OBJC_ARC = YES;
				CLANG_ENABLE_OBJC_WEAK = YES;
				CLANG_WARN_BLOCK_CAPTURE_AUTORELEASING = YES;
				CLANG_WARN_BOOL_CONVERSION = YES;
				CLANG_WARN_COMMA = YES;
				CLANG_WARN_CONSTANT_CONVERSION = YES;
				CLANG_WARN_DEPRECATED_OBJC_IMPLEMENTATIONS = YES;
				CLANG_WARN_DIRECT_OBJC_ISA_USAGE = YES_ERROR;
				CLANG_WARN_DOCUMENTATION_COMMENTS = YES;
				CLANG_WARN_EMPTY_BODY = YES;
				CLANG_WARN_ENUM_CONVERSION = YES;
				CLANG_WARN_INFINITE_RECURSION = YES;
				CLANG_WARN_INT_CONVERSION = YES;
				CLANG_WARN_NON_LITERAL_NULL_CONVERSION = YES;
				CLANG_WARN_OBJC_IMPLICIT_RETAIN_SELF = YES;
				CLANG_WARN_OBJC_LITERAL_CONVERSION = YES;
				CLANG_WARN_OBJC_ROOT_CLASS = YES_ERROR;
				CLANG_WARN_RANGE_LOOP_ANALYSIS = YES;
				CLANG_WARN_STRICT_PROTOTYPES = YES;
				CLANG_WARN_SUSPICIOUS_MOVE = YES;
				CLANG_WARN_UNGUARDED_AVAILABILITY = YES_AGGRESSIVE;
				CLANG_WARN_UNREACHABLE_CODE = YES;
				CLANG_WARN__DUPLICATE_METHOD_MATCH = YES;
				CODE_SIGN_IDENTITY = "iPhone Developer";
				COPY_PHASE_STRIP = NO;
				DEBUG_INFORMATION_FORMAT = "dwarf-with-dsym";
				ENABLE_NS_ASSERTIONS = NO;
				ENABLE_STRICT_OBJC_MSGSEND = YES;
				GCC_C_LANGUAGE_STANDARD = gnu11;
				GCC_NO_COMMON_BLOCKS = YES;
				GCC_WARN_64_TO_32_BIT_CONVERSION = YES;
				GCC_WARN_ABOUT_RETURN_TYPE = YES_ERROR;
				GCC_WARN_UNDECLARED_SELECTOR = YES;
				GCC_WARN_UNINITIALIZED_AUTOS = YES_AGGRESSIVE;
				GCC_WARN_UNUSED_FUNCTION = YES;
				GCC_WARN_UNUSED_VARIABLE = YES;
				IPHONEOS_DEPLOYMENT_TARGET = 12.1;
				MTL_ENABLE_DEBUG_INFO = NO;
				MTL_FAST_MATH = YES;
				SDKROOT = iphoneos;
				SWIFT_COMPILATION_MODE = wholemodule;
				SWIFT_OPTIMIZATION_LEVEL = "-O";
				VALIDATE_PRODUCT = YES;
			};
			name = Release;
		};
		26659947222873FD005A364C /* Debug */ = {
			isa = XCBuildConfiguration;
			buildSettings = {
				ASSETCATALOG_COMPILER_APPICON_NAME = AppIcon;
				CODE_SIGN_STYLE = Automatic;
				INFOPLIST_FILE = vk/Info.plist;
				LD_RUNPATH_SEARCH_PATHS = (
					"$(inherited)",
					"@executable_path/Frameworks",
				);
				PRODUCT_BUNDLE_IDENTIFIER = org.vk;
				PRODUCT_NAME = "$(TARGET_NAME)";
				SWIFT_VERSION = 4.2;
				TARGETED_DEVICE_FAMILY = "1,2";
			};
			name = Debug;
		};
		26659948222873FD005A364C /* Release */ = {
			isa = XCBuildConfiguration;
			buildSettings = {
				ASSETCATALOG_COMPILER_APPICON_NAME = AppIcon;
				CODE_SIGN_STYLE = Automatic;
				INFOPLIST_FILE = vk/Info.plist;
				LD_RUNPATH_SEARCH_PATHS = (
					"$(inherited)",
					"@executable_path/Frameworks",
				);
				PRODUCT_BUNDLE_IDENTIFIER = org.vk;
				PRODUCT_NAME = "$(TARGET_NAME)";
				SWIFT_VERSION = 4.2;
				TARGETED_DEVICE_FAMILY = "1,2";
			};
			name = Release;
		};
/* End XCBuildConfiguration section */

/* Begin XCConfigurationList section */
		2665992F222873FB005A364C /* Build configuration list for PBXProject "vk" */ = {
			isa = XCConfigurationList;
			buildConfigurations = (
				26659944222873FD005A364C /* Debug */,
				26659945222873FD005A364C /* Release */,
			);
			defaultConfigurationIsVisible = 0;
			defaultConfigurationName = Release;
		};
		26659946222873FD005A364C /* Build configuration list for PBXNativeTarget "vk" */ = {
			isa = XCConfigurationList;
			buildConfigurations = (
				26659947222873FD005A364C /* Debug */,
				26659948222873FD005A364C /* Release */,
			);
			defaultConfigurationIsVisible = 0;
			defaultConfigurationName = Release;
		};
/* End XCConfigurationList section */
	};
	rootObject = 2665992C222873FB005A364C /* Project object */;
}
